
Microsoft Visual Studio Solution File, Format Version 12.00
# Visual Studio Version 17
VisualStudioVersion = 17.6.33723.286
MinimumVisualStudioVersion = 10.0.40219.1
Project("{FAE04EC0-301F-11D3-BF4B-00C04F79EFBC}") = "FourierTransform", "FourierTransform\FourierTransform.csproj", "{7D8A8A71-8C3A-4FF8-8A40-51C3DFA6DD43}"
EndProject
Global
	GlobalSection(SolutionConfigurationPlatforms) = preSolution
		Debug|Any CPU = Debug|Any CPU
		Release|Any CPU = Release|Any CPU
	EndGlobalSection
	GlobalSection(ProjectConfigurationPlatforms) = postSolution
		{7D8A8A71-8C3A-4FF8-8A40-51C3DFA6DD43}.Debug|Any CPU.ActiveCfg = Debug|Any CPU
		{7D8A8A71-8C3A-4FF8-8A40-51C3DFA6DD43}.Debug|Any CPU.Build.0 = Debug|Any CPU
		{7D8A8A71-8C3A-4FF8-8A40-51C3DFA6DD43}.Release|Any CPU.ActiveCfg = Release|Any CPU
		{7D8A8A71-8C3A-4FF8-8A40-51C3DFA6DD43}.Release|Any CPU.Build.0 = Release|Any CPU
	EndGlobalSection
	GlobalSection(SolutionProperties) = preSolution
		HideSolutionNode = FALSE
	EndGlobalSection
	GlobalSection(ExtensibilityGlobals) = postSolution
		SolutionGuid = {CA9707C2-930E-48B4-A647-11D41B94D9A2}
	EndGlobalSection
EndGlobal
